// !$*UTF8*$!
{
	archiveVersion = 1;
	classes = {
	};
	objectVersion = 50;
	objects = {

/* Begin PBXBuildFile section */
		CD19522526959E2B00D6000F /* TrekrApp.swift in Sources */ = {isa = PBXBuildFile; fileRef = CD19521226959E2900D6000F /* TrekrApp.swift */; };
		CD19522626959E2B00D6000F /* TrekrApp.swift in Sources */ = {isa = PBXBuildFile; fileRef = CD19521226959E2900D6000F /* TrekrApp.swift */; };
		CD19522726959E2B00D6000F /* ContentView.swift in Sources */ = {isa = PBXBuildFile; fileRef = CD19521326959E2900D6000F /* ContentView.swift */; };
		CD19522826959E2B00D6000F /* ContentView.swift in Sources */ = {isa = PBXBuildFile; fileRef = CD19521326959E2900D6000F /* ContentView.swift */; };
		CD19522926959E2B00D6000F /* Assets.xcassets in Resources */ = {isa = PBXBuildFile; fileRef = CD19521426959E2A00D6000F /* Assets.xcassets */; };
		CD19522A26959E2B00D6000F /* Assets.xcassets in Resources */ = {isa = PBXBuildFile; fileRef = CD19521426959E2A00D6000F /* Assets.xcassets */; };
		CD1952352695A17900D6000F /* tips.json in Resources */ = {isa = PBXBuildFile; fileRef = CD1952332695A17800D6000F /* tips.json */; };
		CD1952362695A17900D6000F /* tips.json in Resources */ = {isa = PBXBuildFile; fileRef = CD1952332695A17800D6000F /* tips.json */; };
		CD1952372695A17900D6000F /* locations.json in Resources */ = {isa = PBXBuildFile; fileRef = CD1952342695A17800D6000F /* locations.json */; };
		CD1952382695A17900D6000F /* locations.json in Resources */ = {isa = PBXBuildFile; fileRef = CD1952342695A17800D6000F /* locations.json */; };
		CD19523A2695AE1600D6000F /* Location.swift in Sources */ = {isa = PBXBuildFile; fileRef = CD1952392695AE1600D6000F /* Location.swift */; };
		CD19523B2695AE1600D6000F /* Location.swift in Sources */ = {isa = PBXBuildFile; fileRef = CD1952392695AE1600D6000F /* Location.swift */; };
		CD19523D2695B35C00D6000F /* Locations.swift in Sources */ = {isa = PBXBuildFile; fileRef = CD19523C2695B35C00D6000F /* Locations.swift */; };
		CD19523E2695B35C00D6000F /* Locations.swift in Sources */ = {isa = PBXBuildFile; fileRef = CD19523C2695B35C00D6000F /* Locations.swift */; };
		CD1952402695BB5300D6000F /* WorldView.swift in Sources */ = {isa = PBXBuildFile; fileRef = CD19523F2695BB5300D6000F /* WorldView.swift */; };
		CD1952412695BB5300D6000F /* WorldView.swift in Sources */ = {isa = PBXBuildFile; fileRef = CD19523F2695BB5300D6000F /* WorldView.swift */; };
		CD1952462695C79400D6000F /* Tip.swift in Sources */ = {isa = PBXBuildFile; fileRef = CD1952452695C79400D6000F /* Tip.swift */; };
		CD1952472695C79400D6000F /* Tip.swift in Sources */ = {isa = PBXBuildFile; fileRef = CD1952452695C79400D6000F /* Tip.swift */; };
		CD1952492695C7BB00D6000F /* TipsView.swift in Sources */ = {isa = PBXBuildFile; fileRef = CD1952482695C7BB00D6000F /* TipsView.swift */; };
		CD19524A2695C7BB00D6000F /* TipsView.swift in Sources */ = {isa = PBXBuildFile; fileRef = CD1952482695C7BB00D6000F /* TipsView.swift */; };
/* End PBXBuildFile section */

/* Begin PBXFileReference section */
		CD19521226959E2900D6000F /* TrekrApp.swift */ = {isa = PBXFileReference; lastKnownFileType = sourcecode.swift; path = TrekrApp.swift; sourceTree = "<group>"; };
		CD19521326959E2900D6000F /* ContentView.swift */ = {isa = PBXFileReference; lastKnownFileType = sourcecode.swift; path = ContentView.swift; sourceTree = "<group>"; };
		CD19521426959E2A00D6000F /* Assets.xcassets */ = {isa = PBXFileReference; lastKnownFileType = folder.assetcatalog; path = Assets.xcassets; sourceTree = "<group>"; };
		CD19521926959E2B00D6000F /* Trekr.app */ = {isa = PBXFileReference; explicitFileType = wrapper.application; includeInIndex = 0; path = Trekr.app; sourceTree = BUILT_PRODUCTS_DIR; };
		CD19521C26959E2B00D6000F /* Info.plist */ = {isa = PBXFileReference; lastKnownFileType = text.plist.xml; path = Info.plist; sourceTree = "<group>"; };
		CD19522126959E2B00D6000F /* Trekr.app */ = {isa = PBXFileReference; explicitFileType = wrapper.application; includeInIndex = 0; path = Trekr.app; sourceTree = BUILT_PRODUCTS_DIR; };
		CD19522326959E2B00D6000F /* Info.plist */ = {isa = PBXFileReference; lastKnownFileType = text.plist.xml; path = Info.plist; sourceTree = "<group>"; };
		CD19522426959E2B00D6000F /* macOS.entitlements */ = {isa = PBXFileReference; lastKnownFileType = text.plist.entitlements; path = macOS.entitlements; sourceTree = "<group>"; };
		CD1952332695A17800D6000F /* tips.json */ = {isa = PBXFileReference; fileEncoding = 4; lastKnownFileType = text.json; path = tips.json; sourceTree = "<group>"; };
		CD1952342695A17800D6000F /* locations.json */ = {isa = PBXFileReference; fileEncoding = 4; lastKnownFileType = text.json; path = locations.json; sourceTree = "<group>"; };
		CD1952392695AE1600D6000F /* Location.swift */ = {isa = PBXFileReference; lastKnownFileType = sourcecode.swift; path = Location.swift; sourceTree = "<group>"; };
		CD19523C2695B35C00D6000F /* Locations.swift */ = {isa = PBXFileReference; lastKnownFileType = sourcecode.swift; path = Locations.swift; sourceTree = "<group>"; };
		CD19523F2695BB5300D6000F /* WorldView.swift */ = {isa = PBXFileReference; lastKnownFileType = sourcecode.swift; path = WorldView.swift; sourceTree = "<group>"; };
		CD1952452695C79400D6000F /* Tip.swift */ = {isa = PBXFileReference; lastKnownFileType = sourcecode.swift; path = Tip.swift; sourceTree = "<group>"; };
		CD1952482695C7BB00D6000F /* TipsView.swift */ = {isa = PBXFileReference; lastKnownFileType = sourcecode.swift; path = TipsView.swift; sourceTree = "<group>"; };
/* End PBXFileReference section */

/* Begin PBXFrameworksBuildPhase section */
		CD19521626959E2B00D6000F /* Frameworks */ = {
			isa = PBXFrameworksBuildPhase;
			buildActionMask = 2147483647;
			files = (
			);
			runOnlyForDeploymentPostprocessing = 0;
		};
		CD19521E26959E2B00D6000F /* Frameworks */ = {
			isa = PBXFrameworksBuildPhase;
			buildActionMask = 2147483647;
			files = (
			);
			runOnlyForDeploymentPostprocessing = 0;
		};
/* End PBXFrameworksBuildPhase section */

/* Begin PBXGroup section */
		CD19520C26959E2800D6000F = {
			isa = PBXGroup;
			children = (
				CD19521126959E2800D6000F /* Shared */,
				CD19521B26959E2B00D6000F /* iOS */,
				CD19522226959E2B00D6000F /* macOS */,
				CD19521A26959E2B00D6000F /* Products */,
			);
			sourceTree = "<group>";
		};
		CD19521126959E2800D6000F /* Shared */ = {
			isa = PBXGroup;
			children = (
				CD19521226959E2900D6000F /* TrekrApp.swift */,
				CD19523F2695BB5300D6000F /* WorldView.swift */,
				CD19521326959E2900D6000F /* ContentView.swift */,
				CD19523C2695B35C00D6000F /* Locations.swift */,
				CD1952392695AE1600D6000F /* Location.swift */,
				CD1952452695C79400D6000F /* Tip.swift */,
				CD1952482695C7BB00D6000F /* TipsView.swift */,
				CD19521426959E2A00D6000F /* Assets.xcassets */,
				CD1952342695A17800D6000F /* locations.json */,
				CD1952332695A17800D6000F /* tips.json */,
			);
			path = Shared;
			sourceTree = "<group>";
		};
		CD19521A26959E2B00D6000F /* Products */ = {
			isa = PBXGroup;
			children = (
				CD19521926959E2B00D6000F /* Trekr.app */,
				CD19522126959E2B00D6000F /* Trekr.app */,
			);
			name = Products;
			sourceTree = "<group>";
		};
		CD19521B26959E2B00D6000F /* iOS */ = {
			isa = PBXGroup;
			children = (
				CD19521C26959E2B00D6000F /* Info.plist */,
			);
			path = iOS;
			sourceTree = "<group>";
		};
		CD19522226959E2B00D6000F /* macOS */ = {
			isa = PBXGroup;
			children = (
				CD19522326959E2B00D6000F /* Info.plist */,
				CD19522426959E2B00D6000F /* macOS.entitlements */,
			);
			path = macOS;
			sourceTree = "<group>";
		};
/* End PBXGroup section */

/* Begin PBXNativeTarget section */
		CD19521826959E2B00D6000F /* Trekr (iOS) */ = {
			isa = PBXNativeTarget;
			buildConfigurationList = CD19522D26959E2B00D6000F /* Build configuration list for PBXNativeTarget "Trekr (iOS)" */;
			buildPhases = (
				CD19521526959E2B00D6000F /* Sources */,
				CD19521626959E2B00D6000F /* Frameworks */,
				CD19521726959E2B00D6000F /* Resources */,
			);
			buildRules = (
			);
			dependencies = (
			);
			name = "Trekr (iOS)";
			productName = "Trekr (iOS)";
			productReference = CD19521926959E2B00D6000F /* Trekr.app */;
			productType = "com.apple.product-type.application";
		};
		CD19522026959E2B00D6000F /* Trekr (macOS) */ = {
			isa = PBXNativeTarget;
			buildConfigurationList = CD19523026959E2B00D6000F /* Build configuration list for PBXNativeTarget "Trekr (macOS)" */;
			buildPhases = (
				CD19521D26959E2B00D6000F /* Sources */,
				CD19521E26959E2B00D6000F /* Frameworks */,
				CD19521F26959E2B00D6000F /* Resources */,
			);
			buildRules = (
			);
			dependencies = (
			);
			name = "Trekr (macOS)";
			productName = "Trekr (macOS)";
			productReference = CD19522126959E2B00D6000F /* Trekr.app */;
			productType = "com.apple.product-type.application";
		};
/* End PBXNativeTarget section */

/* Begin PBXProject section */
		CD19520D26959E2800D6000F /* Project object */ = {
			isa = PBXProject;
			attributes = {
				LastSwiftUpdateCheck = 1250;
				LastUpgradeCheck = 1250;
				TargetAttributes = {
					CD19521826959E2B00D6000F = {
						CreatedOnToolsVersion = 12.5;
					};
					CD19522026959E2B00D6000F = {
						CreatedOnToolsVersion = 12.5;
					};
				};
			};
			buildConfigurationList = CD19521026959E2800D6000F /* Build configuration list for PBXProject "Trekr" */;
			compatibilityVersion = "Xcode 9.3";
			developmentRegion = en;
			hasScannedForEncodings = 0;
			knownRegions = (
				en,
				Base,
			);
			mainGroup = CD19520C26959E2800D6000F;
			productRefGroup = CD19521A26959E2B00D6000F /* Products */;
			projectDirPath = "";
			projectRoot = "";
			targets = (
				CD19521826959E2B00D6000F /* Trekr (iOS) */,
				CD19522026959E2B00D6000F /* Trekr (macOS) */,
			);
		};
/* End PBXProject section */

/* Begin PBXResourcesBuildPhase section */
		CD19521726959E2B00D6000F /* Resources */ = {
			isa = PBXResourcesBuildPhase;
			buildActionMask = 2147483647;
			files = (
				CD19522926959E2B00D6000F /* Assets.xcassets in Resources */,
				CD1952372695A17900D6000F /* locations.json in Resources */,
				CD1952352695A17900D6000F /* tips.json in Resources */,
			);
			runOnlyForDeploymentPostprocessing = 0;
		};
		CD19521F26959E2B00D6000F /* Resources */ = {
			isa = PBXResourcesBuildPhase;
			buildActionMask = 2147483647;
			files = (
				CD19522A26959E2B00D6000F /* Assets.xcassets in Resources */,
				CD1952382695A17900D6000F /* locations.json in Resources */,
				CD1952362695A17900D6000F /* tips.json in Resources */,
			);
			runOnlyForDeploymentPostprocessing = 0;
		};
/* End PBXResourcesBuildPhase section */

/* Begin PBXSourcesBuildPhase section */
		CD19521526959E2B00D6000F /* Sources */ = {
			isa = PBXSourcesBuildPhase;
			buildActionMask = 2147483647;
			files = (
				CD19522726959E2B00D6000F /* ContentView.swift in Sources */,
				CD19523A2695AE1600D6000F /* Location.swift in Sources */,
				CD1952402695BB5300D6000F /* WorldView.swift in Sources */,
				CD1952462695C79400D6000F /* Tip.swift in Sources */,
				CD1952492695C7BB00D6000F /* TipsView.swift in Sources */,
				CD19523D2695B35C00D6000F /* Locations.swift in Sources */,
				CD19522526959E2B00D6000F /* TrekrApp.swift in Sources */,
			);
			runOnlyForDeploymentPostprocessing = 0;
		};
		CD19521D26959E2B00D6000F /* Sources */ = {
			isa = PBXSourcesBuildPhase;
			buildActionMask = 2147483647;
			files = (
				CD19522826959E2B00D6000F /* ContentView.swift in Sources */,
				CD19523B2695AE1600D6000F /* Location.swift in Sources */,
				CD1952412695BB5300D6000F /* WorldView.swift in Sources */,
				CD1952472695C79400D6000F /* Tip.swift in Sources */,
				CD19524A2695C7BB00D6000F /* TipsView.swift in Sources */,
				CD19523E2695B35C00D6000F /* Locations.swift in Sources */,
				CD19522626959E2B00D6000F /* TrekrApp.swift in Sources */,
			);
			runOnlyForDeploymentPostprocessing = 0;
		};
/* End PBXSourcesBuildPhase section */

/* Begin XCBuildConfiguration section */
		CD19522B26959E2B00D6000F /* Debug */ = {
			isa = XCBuildConfiguration;
			buildSettings = {
				ALWAYS_SEARCH_USER_PATHS = NO;
				CLANG_ANALYZER_NONNULL = YES;
				CLANG_ANALYZER_NUMBER_OBJECT_CONVERSION = YES_AGGRESSIVE;
				CLANG_CXX_LANGUAGE_STANDARD = "gnu++14";
				CLANG_CXX_LIBRARY = "libc++";
				CLANG_ENABLE_MODULES = YES;
				CLANG_ENABLE_OBJC_ARC = YES;
				CLANG_ENABLE_OBJC_WEAK = YES;
				CLANG_WARN_BLOCK_CAPTURE_AUTORELEASING = YES;
				CLANG_WARN_BOOL_CONVERSION = YES;
				CLANG_WARN_COMMA = YES;
				CLANG_WARN_CONSTANT_CONVERSION = YES;
				CLANG_WARN_DEPRECATED_OBJC_IMPLEMENTATIONS = YES;
				CLANG_WARN_DIRECT_OBJC_ISA_USAGE = YES_ERROR;
				CLANG_WARN_DOCUMENTATION_COMMENTS = YES;
				CLANG_WARN_EMPTY_BODY = YES;
				CLANG_WARN_ENUM_CONVERSION = YES;
				CLANG_WARN_INFINITE_RECURSION = YES;
				CLANG_WARN_INT_CONVERSION = YES;
				CLANG_WARN_NON_LITERAL_NULL_CONVERSION = YES;
				CLANG_WARN_OBJC_IMPLICIT_RETAIN_SELF = YES;
				CLANG_WARN_OBJC_LITERAL_CONVERSION = YES;
				CLANG_WARN_OBJC_ROOT_CLASS = YES_ERROR;
				CLANG_WARN_QUOTED_INCLUDE_IN_FRAMEWORK_HEADER = YES;
				CLANG_WARN_RANGE_LOOP_ANALYSIS = YES;
				CLANG_WARN_STRICT_PROTOTYPES = YES;
				CLANG_WARN_SUSPICIOUS_MOVE = YES;
				CLANG_WARN_UNGUARDED_AVAILABILITY = YES_AGGRESSIVE;
				CLANG_WARN_UNREACHABLE_CODE = YES;
				CLANG_WARN__DUPLICATE_METHOD_MATCH = YES;
				COPY_PHASE_STRIP = NO;
				DEBUG_INFORMATION_FORMAT = dwarf;
				ENABLE_STRICT_OBJC_MSGSEND = YES;
				ENABLE_TESTABILITY = YES;
				GCC_C_LANGUAGE_STANDARD = gnu11;
				GCC_DYNAMIC_NO_PIC = NO;
				GCC_NO_COMMON_BLOCKS = YES;
				GCC_OPTIMIZATION_LEVEL = 0;
				GCC_PREPROCESSOR_DEFINITIONS = (
					"DEBUG=1",
					"$(inherited)",
				);
				GCC_WARN_64_TO_32_BIT_CONVERSION = YES;
				GCC_WARN_ABOUT_RETURN_TYPE = YES_ERROR;
				GCC_WARN_UNDECLARED_SELECTOR = YES;
				GCC_WARN_UNINITIALIZED_AUTOS = YES_AGGRESSIVE;
				GCC_WARN_UNUSED_FUNCTION = YES;
				GCC_WARN_UNUSED_VARIABLE = YES;
				MTL_ENABLE_DEBUG_INFO = INCLUDE_SOURCE;
				MTL_FAST_MATH = YES;
				ONLY_ACTIVE_ARCH = YES;
				SWIFT_ACTIVE_COMPILATION_CONDITIONS = DEBUG;
				SWIFT_OPTIMIZATION_LEVEL = "-Onone";
			};
			name = Debug;
		};
		CD19522C26959E2B00D6000F /* Release */ = {
			isa = XCBuildConfiguration;
			buildSettings = {
				ALWAYS_SEARCH_USER_PATHS = NO;
				CLANG_ANALYZER_NONNULL = YES;
				CLANG_ANALYZER_NUMBER_OBJECT_CONVERSION = YES_AGGRESSIVE;
				CLANG_CXX_LANGUAGE_STANDARD = "gnu++14";
				CLANG_CXX_LIBRARY = "libc++";
				CLANG_ENABLE_MODULES = YES;
				CLANG_ENABLE_OBJC_ARC = YES;
				CLANG_ENABLE_OBJC_WEAK = YES;
				CLANG_WARN_BLOCK_CAPTURE_AUTORELEASING = YES;
				CLANG_WARN_BOOL_CONVERSION = YES;
				CLANG_WARN_COMMA = YES;
				CLANG_WARN_CONSTANT_CONVERSION = YES;
				CLANG_WARN_DEPRECATED_OBJC_IMPLEMENTATIONS = YES;
				CLANG_WARN_DIRECT_OBJC_ISA_USAGE = YES_ERROR;
				CLANG_WARN_DOCUMENTATION_COMMENTS = YES;
				CLANG_WARN_EMPTY_BODY = YES;
				CLANG_WARN_ENUM_CONVERSION = YES;
				CLANG_WARN_INFINITE_RECURSION = YES;
				CLANG_WARN_INT_CONVERSION = YES;
				CLANG_WARN_NON_LITERAL_NULL_CONVERSION = YES;
				CLANG_WARN_OBJC_IMPLICIT_RETAIN_SELF = YES;
				CLANG_WARN_OBJC_LITERAL_CONVERSION = YES;
				CLANG_WARN_OBJC_ROOT_CLASS = YES_ERROR;
				CLANG_WARN_QUOTED_INCLUDE_IN_FRAMEWORK_HEADER = YES;
				CLANG_WARN_RANGE_LOOP_ANALYSIS = YES;
				CLANG_WARN_STRICT_PROTOTYPES = YES;
				CLANG_WARN_SUSPICIOUS_MOVE = YES;
				CLANG_WARN_UNGUARDED_AVAILABILITY = YES_AGGRESSIVE;
				CLANG_WARN_UNREACHABLE_CODE = YES;
				CLANG_WARN__DUPLICATE_METHOD_MATCH = YES;
				COPY_PHASE_STRIP = NO;
				DEBUG_INFORMATION_FORMAT = "dwarf-with-dsym";
				ENABLE_NS_ASSERTIONS = NO;
				ENABLE_STRICT_OBJC_MSGSEND = YES;
				GCC_C_LANGUAGE_STANDARD = gnu11;
				GCC_NO_COMMON_BLOCKS = YES;
				GCC_WARN_64_TO_32_BIT_CONVERSION = YES;
				GCC_WARN_ABOUT_RETURN_TYPE = YES_ERROR;
				GCC_WARN_UNDECLARED_SELECTOR = YES;
				GCC_WARN_UNINITIALIZED_AUTOS = YES_AGGRESSIVE;
				GCC_WARN_UNUSED_FUNCTION = YES;
				GCC_WARN_UNUSED_VARIABLE = YES;
				MTL_ENABLE_DEBUG_INFO = NO;
				MTL_FAST_MATH = YES;
				SWIFT_COMPILATION_MODE = wholemodule;
				SWIFT_OPTIMIZATION_LEVEL = "-O";
			};
			name = Release;
		};
		CD19522E26959E2B00D6000F /* Debug */ = {
			isa = XCBuildConfiguration;
			buildSettings = {
				ASSETCATALOG_COMPILER_APPICON_NAME = AppIcon;
				ASSETCATALOG_COMPILER_GLOBAL_ACCENT_COLOR_NAME = AccentColor;
				CODE_SIGN_STYLE = Automatic;
				ENABLE_PREVIEWS = YES;
				INFOPLIST_FILE = iOS/Info.plist;
				IPHONEOS_DEPLOYMENT_TARGET = 14.0;
				LD_RUNPATH_SEARCH_PATHS = (
					"$(inherited)",
					"@executable_path/Frameworks",
				);
				PRODUCT_BUNDLE_IDENTIFIER = com.hackingwithswift.Trekr;
				PRODUCT_NAME = Trekr;
				SDKROOT = iphoneos;
				SWIFT_VERSION = 5.0;
				TARGETED_DEVICE_FAMILY = "1,2";
			};
			name = Debug;
		};
		CD19522F26959E2B00D6000F /* Release */ = {
			isa = XCBuildConfiguration;
			buildSettings = {
				ASSETCATALOG_COMPILER_APPICON_NAME = AppIcon;
				ASSETCATALOG_COMPILER_GLOBAL_ACCENT_COLOR_NAME = AccentColor;
				CODE_SIGN_STYLE = Automatic;
				ENABLE_PREVIEWS = YES;
				INFOPLIST_FILE = iOS/Info.plist;
				IPHONEOS_DEPLOYMENT_TARGET = 14.0;
				LD_RUNPATH_SEARCH_PATHS = (
					"$(inherited)",
					"@executable_path/Frameworks",
				);
				PRODUCT_BUNDLE_IDENTIFIER = com.hackingwithswift.Trekr;
				PRODUCT_NAME = Trekr;
				SDKROOT = iphoneos;
				SWIFT_VERSION = 5.0;
				TARGETED_DEVICE_FAMILY = "1,2";
				VALIDATE_PRODUCT = YES;
			};
			name = Release;
		};
		CD19523126959E2B00D6000F /* Debug */ = {
			isa = XCBuildConfiguration;
			buildSettings = {
				ASSETCATALOG_COMPILER_APPICON_NAME = AppIcon;
				ASSETCATALOG_COMPILER_GLOBAL_ACCENT_COLOR_NAME = AccentColor;
				CODE_SIGN_ENTITLEMENTS = macOS/macOS.entitlements;
				CODE_SIGN_STYLE = Automatic;
				COMBINE_HIDPI_IMAGES = YES;
				ENABLE_PREVIEWS = YES;
				INFOPLIST_FILE = macOS/Info.plist;
				LD_RUNPATH_SEARCH_PATHS = (
					"$(inherited)",
					"@executable_path/../Frameworks",
				);
				MACOSX_DEPLOYMENT_TARGET = 11.0;
				PRODUCT_BUNDLE_IDENTIFIER = com.hackingwithswift.Trekr;
				PRODUCT_NAME = Trekr;
				SDKROOT = macosx;
				SWIFT_VERSION = 5.0;
			};
			name = Debug;
		};
		CD19523226959E2B00D6000F /* Release */ = {
			isa = XCBuildConfiguration;
			buildSettings = {
				ASSETCATALOG_COMPILER_APPICON_NAME = AppIcon;
				ASSETCATALOG_COMPILER_GLOBAL_ACCENT_COLOR_NAME = AccentColor;
				CODE_SIGN_ENTITLEMENTS = macOS/macOS.entitlements;
				CODE_SIGN_STYLE = Automatic;
				COMBINE_HIDPI_IMAGES = YES;
				ENABLE_PREVIEWS = YES;
				INFOPLIST_FILE = macOS/Info.plist;
				LD_RUNPATH_SEARCH_PATHS = (
					"$(inherited)",
					"@executable_path/../Frameworks",
				);
				MACOSX_DEPLOYMENT_TARGET = 11.0;
				PRODUCT_BUNDLE_IDENTIFIER = com.hackingwithswift.Trekr;
				PRODUCT_NAME = Trekr;
				SDKROOT = macosx;
				SWIFT_VERSION = 5.0;
			};
			name = Release;
		};
/* End XCBuildConfiguration section */

/* Begin XCConfigurationList section */
		CD19521026959E2800D6000F /* Build configuration list for PBXProject "Trekr" */ = {
			isa = XCConfigurationList;
			buildConfigurations = (
				CD19522B26959E2B00D6000F /* Debug */,
				CD19522C26959E2B00D6000F /* Release */,
			);
			defaultConfigurationIsVisible = 0;
			defaultConfigurationName = Release;
		};
		CD19522D26959E2B00D6000F /* Build configuration list for PBXNativeTarget "Trekr (iOS)" */ = {
			isa = XCConfigurationList;
			buildConfigurations = (
				CD19522E26959E2B00D6000F /* Debug */,
				CD19522F26959E2B00D6000F /* Release */,
			);
			defaultConfigurationIsVisible = 0;
			defaultConfigurationName = Release;
		};
		CD19523026959E2B00D6000F /* Build configuration list for PBXNativeTarget "Trekr (macOS)" */ = {
			isa = XCConfigurationList;
			buildConfigurations = (
				CD19523126959E2B00D6000F /* Debug */,
				CD19523226959E2B00D6000F /* Release */,
			);
			defaultConfigurationIsVisible = 0;
			defaultConfigurationName = Release;
		};
/* End XCConfigurationList section */
	};
	rootObject = CD19520D26959E2800D6000F /* Project object */;
}
